{
  "name": "nexpress-social",
  "version": "1.0.0",
  "lockfileVersion": 1,
  "requires": true,
  "dependencies": {
    "onepunchman-names": {
      "version": "1.0.1",
      "resolved": "https://registry.npmjs.org/onepunchman-names/-/onepunchman-names-1.0.1.tgz",
      "integrity": "sha512-0hijAP7BVDPmJ6MNMmvM/C3cdlFTTyPTBC6iR+Zft/c3pez+ntTJfsQK6R3Rd/kAARLvRrixr7Kpcm5aWT/YoQ==",
      "requires": {
        "unique-random-array": "1.0.0"
      }
    },
    "unique-random": {
      "version": "1.0.0",
      "resolved": "https://registry.npmjs.org/unique-random/-/unique-random-1.0.0.tgz",
      "integrity": "sha1-zj4iTIJCzTOg53sNcYDXfmti0MQ="
    },
    "unique-random-array": {
      "version": "1.0.0",
      "resolved": "https://registry.npmjs.org/unique-random-array/-/unique-random-array-1.0.0.tgz",
      "integrity": "sha1-QrNyHFeTiNi2Z8k8Lb3j1dgakTY=",
      "requires": {
        "unique-random": "^1.0.0"
      }
    }
  }
}
